
Microsoft Visual Studio Solution File, Format Version 12.00
# Visual Studio Version 16
VisualStudioVersion = 16.0.35425.106
MinimumVisualStudioVersion = 10.0.40219.1
Project("{FAE04EC0-301F-11D3-BF4B-00C04F79EFBC}") = "LengthCalculator", "LengthCalculator.csproj", "{FC92BA61-8EB3-4643-A843-B3441337F459}"
EndProject
Global
	GlobalSection(SolutionConfigurationPlatforms) = preSolution
		Debug|Any CPU = Debug|Any CPU
		Release|Any CPU = Release|Any CPU
	EndGlobalSection
	GlobalSection(ProjectConfigurationPlatforms) = postSolution
		{FC92BA61-8EB3-4643-A843-B3441337F459}.Debug|Any CPU.ActiveCfg = Debug|Any CPU
		{FC92BA61-8EB3-4643-A843-B3441337F459}.Debug|Any CPU.Build.0 = Debug|Any CPU
		{FC92BA61-8EB3-4643-A843-B3441337F459}.Release|Any CPU.ActiveCfg = Release|Any CPU
		{FC92BA61-8EB3-4643-A843-B3441337F459}.Release|Any CPU.Build.0 = Release|Any CPU
	EndGlobalSection
	GlobalSection(SolutionProperties) = preSolution
		HideSolutionNode = FALSE
	EndGlobalSection
	GlobalSection(ExtensibilityGlobals) = postSolution
		SolutionGuid = {51482F90-485C-4E1B-A8F6-3EB4B632B444}
	EndGlobalSection
EndGlobal
